
Microsoft Visual Studio Solution File, Format Version 12.00
# Visual Studio Version 17
VisualStudioVersion = 17.10.34916.146
MinimumVisualStudioVersion = 10.0.40219.1
Project("{FAE04EC0-301F-11D3-BF4B-00C04F79EFBC}") = "MyProject", "src\MyProject\MyProject.csproj", "{00F76EA7-1D21-4F1D-8CD9-B63EDB85D530}"
EndProject
Global
	GlobalSection(SolutionConfigurationPlatforms) = preSolution
		Debug|Any CPU = Debug|Any CPU
		MyConfig|Any CPU = MyConfig|Any CPU
		Release|Any CPU = Release|Any CPU
	EndGlobalSection
	GlobalSection(ProjectConfigurationPlatforms) = postSolution
		{00F76EA7-1D21-4F1D-8CD9-B63EDB85D530}.Debug|Any CPU.ActiveCfg = Debug|Any CPU
		{00F76EA7-1D21-4F1D-8CD9-B63EDB85D530}.Debug|Any CPU.Build.0 = Debug|Any CPU
		{00F76EA7-1D21-4F1D-8CD9-B63EDB85D530}.MyConfig|Any CPU.ActiveCfg = MyConfig|Any CPU
		{00F76EA7-1D21-4F1D-8CD9-B63EDB85D530}.MyConfig|Any CPU.Build.0 = MyConfig|Any CPU
		{00F76EA7-1D21-4F1D-8CD9-B63EDB85D530}.Release|Any CPU.ActiveCfg = Release|Any CPU
		{00F76EA7-1D21-4F1D-8CD9-B63EDB85D530}.Release|Any CPU.Build.0 = Release|Any CPU
	EndGlobalSection
	GlobalSection(SolutionProperties) = preSolution
		HideSolutionNode = FALSE
	EndGlobalSection
	GlobalSection(ExtensibilityGlobals) = postSolution
		SolutionGuid = {963C5144-B002-4098-8623-DCDDF7A2562B}
	EndGlobalSection
EndGlobal
